
Microsoft Visual Studio Solution File, Format Version 12.00
# Visual Studio Version 17
VisualStudioVersion = 17.9.34902.65
MinimumVisualStudioVersion = 10.0.40219.1
Project("{FAE04EC0-301F-11D3-BF4B-00C04F79EFBC}") = "Fitness Challenge App", "Fitness Challenge App.csproj", "{B6DDB947-1EB5-492A-8169-A5B2FF4BCF30}"
EndProject
Global
	GlobalSection(SolutionConfigurationPlatforms) = preSolution
		Debug|Any CPU = Debug|Any CPU
		Release|Any CPU = Release|Any CPU
	EndGlobalSection
	GlobalSection(ProjectConfigurationPlatforms) = postSolution
		{B6DDB947-1EB5-492A-8169-A5B2FF4BCF30}.Debug|Any CPU.ActiveCfg = Debug|Any CPU
		{B6DDB947-1EB5-492A-8169-A5B2FF4BCF30}.Debug|Any CPU.Build.0 = Debug|Any CPU
		{B6DDB947-1EB5-492A-8169-A5B2FF4BCF30}.Release|Any CPU.ActiveCfg = Release|Any CPU
		{B6DDB947-1EB5-492A-8169-A5B2FF4BCF30}.Release|Any CPU.Build.0 = Release|Any CPU
	EndGlobalSection
	GlobalSection(SolutionProperties) = preSolution
		HideSolutionNode = FALSE
	EndGlobalSection
	GlobalSection(ExtensibilityGlobals) = postSolution
		SolutionGuid = {7E9AD6E9-897F-43D4-97AC-172324F703D3}
	EndGlobalSection
EndGlobal
